// !$*UTF8*$!
{
	archiveVersion = 1;
	classes = {
	};
	objectVersion = 56;
	objects = {

/* Begin PBXBuildFile section */
		9D2368072D68A9FB00CB93FE /* TCATabNavigatrionDemoApp.swift in Sources */ = {isa = PBXBuildFile; fileRef = 9D2368062D68A9FB00CB93FE /* TCATabNavigatrionDemoApp.swift */; };
		9D2368092D68A9FB00CB93FE /* ContentView.swift in Sources */ = {isa = PBXBuildFile; fileRef = 9D2368082D68A9FB00CB93FE /* ContentView.swift */; };
		9D23680B2D68A9FC00CB93FE /* Assets.xcassets in Resources */ = {isa = PBXBuildFile; fileRef = 9D23680A2D68A9FC00CB93FE /* Assets.xcassets */; };
		9D23680E2D68A9FC00CB93FE /* Preview Assets.xcassets in Resources */ = {isa = PBXBuildFile; fileRef = 9D23680D2D68A9FC00CB93FE /* Preview Assets.xcassets */; };
		9D2368162D68AA6000CB93FE /* ComposableArchitecture in Frameworks */ = {isa = PBXBuildFile; productRef = 9D2368152D68AA6000CB93FE /* ComposableArchitecture */; };
		9D2368182D68AC6700CB93FE /* NavAFeature.swift in Sources */ = {isa = PBXBuildFile; fileRef = 9D2368172D68AC6700CB93FE /* NavAFeature.swift */; };
		9D23681A2D68B08100CB93FE /* NavASecPage.swift in Sources */ = {isa = PBXBuildFile; fileRef = 9D2368192D68B08100CB93FE /* NavASecPage.swift */; };
		9D23681C2D68B14E00CB93FE /* NavAFirstPage.swift in Sources */ = {isa = PBXBuildFile; fileRef = 9D23681B2D68B14E00CB93FE /* NavAFirstPage.swift */; };
		9D23681E2D68B1FB00CB93FE /* NavBFirstPage.swift in Sources */ = {isa = PBXBuildFile; fileRef = 9D23681D2D68B1FB00CB93FE /* NavBFirstPage.swift */; };
		9D2368202D68B21500CB93FE /* NavBSecPage.swift in Sources */ = {isa = PBXBuildFile; fileRef = 9D23681F2D68B21500CB93FE /* NavBSecPage.swift */; };
		9D2368222D68B22B00CB93FE /* NavBFeature.swift in Sources */ = {isa = PBXBuildFile; fileRef = 9D2368212D68B22B00CB93FE /* NavBFeature.swift */; };
		9D2368262D68B44F00CB93FE /* LoginFeature.swift in Sources */ = {isa = PBXBuildFile; fileRef = 9D2368252D68B44F00CB93FE /* LoginFeature.swift */; };
		9D2368282D68B8BF00CB93FE /* LoginView.swift in Sources */ = {isa = PBXBuildFile; fileRef = 9D2368272D68B8BF00CB93FE /* LoginView.swift */; };
/* End PBXBuildFile section */

/* Begin PBXFileReference section */
		9D2368032D68A9FB00CB93FE /* TCATabNavigatrionDemo.app */ = {isa = PBXFileReference; explicitFileType = wrapper.application; includeInIndex = 0; path = TCATabNavigatrionDemo.app; sourceTree = BUILT_PRODUCTS_DIR; };
		9D2368062D68A9FB00CB93FE /* TCATabNavigatrionDemoApp.swift */ = {isa = PBXFileReference; lastKnownFileType = sourcecode.swift; path = TCATabNavigatrionDemoApp.swift; sourceTree = "<group>"; };
		9D2368082D68A9FB00CB93FE /* ContentView.swift */ = {isa = PBXFileReference; lastKnownFileType = sourcecode.swift; path = ContentView.swift; sourceTree = "<group>"; };
		9D23680A2D68A9FC00CB93FE /* Assets.xcassets */ = {isa = PBXFileReference; lastKnownFileType = folder.assetcatalog; path = Assets.xcassets; sourceTree = "<group>"; };
		9D23680D2D68A9FC00CB93FE /* Preview Assets.xcassets */ = {isa = PBXFileReference; lastKnownFileType = folder.assetcatalog; path = "Preview Assets.xcassets"; sourceTree = "<group>"; };
		9D2368172D68AC6700CB93FE /* NavAFeature.swift */ = {isa = PBXFileReference; lastKnownFileType = sourcecode.swift; path = NavAFeature.swift; sourceTree = "<group>"; };
		9D2368192D68B08100CB93FE /* NavASecPage.swift */ = {isa = PBXFileReference; lastKnownFileType = sourcecode.swift; path = NavASecPage.swift; sourceTree = "<group>"; };
		9D23681B2D68B14E00CB93FE /* NavAFirstPage.swift */ = {isa = PBXFileReference; lastKnownFileType = sourcecode.swift; path = NavAFirstPage.swift; sourceTree = "<group>"; };
		9D23681D2D68B1FB00CB93FE /* NavBFirstPage.swift */ = {isa = PBXFileReference; lastKnownFileType = sourcecode.swift; path = NavBFirstPage.swift; sourceTree = "<group>"; };
		9D23681F2D68B21500CB93FE /* NavBSecPage.swift */ = {isa = PBXFileReference; lastKnownFileType = sourcecode.swift; path = NavBSecPage.swift; sourceTree = "<group>"; };
		9D2368212D68B22B00CB93FE /* NavBFeature.swift */ = {isa = PBXFileReference; lastKnownFileType = sourcecode.swift; path = NavBFeature.swift; sourceTree = "<group>"; };
		9D2368252D68B44F00CB93FE /* LoginFeature.swift */ = {isa = PBXFileReference; lastKnownFileType = sourcecode.swift; path = LoginFeature.swift; sourceTree = "<group>"; };
		9D2368272D68B8BF00CB93FE /* LoginView.swift */ = {isa = PBXFileReference; lastKnownFileType = sourcecode.swift; path = LoginView.swift; sourceTree = "<group>"; };
/* End PBXFileReference section */

/* Begin PBXFrameworksBuildPhase section */
		9D2368002D68A9FB00CB93FE /* Frameworks */ = {
			isa = PBXFrameworksBuildPhase;
			buildActionMask = 2147483647;
			files = (
				9D2368162D68AA6000CB93FE /* ComposableArchitecture in Frameworks */,
			);
			runOnlyForDeploymentPostprocessing = 0;
		};
/* End PBXFrameworksBuildPhase section */

/* Begin PBXGroup section */
		9D2367FA2D68A9FB00CB93FE = {
			isa = PBXGroup;
			children = (
				9D2368052D68A9FB00CB93FE /* TCATabNavigatrionDemo */,
				9D2368042D68A9FB00CB93FE /* Products */,
			);
			sourceTree = "<group>";
		};
		9D2368042D68A9FB00CB93FE /* Products */ = {
			isa = PBXGroup;
			children = (
				9D2368032D68A9FB00CB93FE /* TCATabNavigatrionDemo.app */,
			);
			name = Products;
			sourceTree = "<group>";
		};
		9D2368052D68A9FB00CB93FE /* TCATabNavigatrionDemo */ = {
			isa = PBXGroup;
			children = (
				9D2368062D68A9FB00CB93FE /* TCATabNavigatrionDemoApp.swift */,
				9D2368082D68A9FB00CB93FE /* ContentView.swift */,
				9D23682A2D68B9E600CB93FE /* Feature */,
				9D23680A2D68A9FC00CB93FE /* Assets.xcassets */,
				9D23680C2D68A9FC00CB93FE /* Preview Content */,
			);
			path = TCATabNavigatrionDemo;
			sourceTree = "<group>";
		};
		9D23680C2D68A9FC00CB93FE /* Preview Content */ = {
			isa = PBXGroup;
			children = (
				9D23680D2D68A9FC00CB93FE /* Preview Assets.xcassets */,
			);
			path = "Preview Content";
			sourceTree = "<group>";
		};
		9D2368232D68B2C500CB93FE /* NavA */ = {
			isa = PBXGroup;
			children = (
				9D2368172D68AC6700CB93FE /* NavAFeature.swift */,
				9D2368192D68B08100CB93FE /* NavASecPage.swift */,
				9D23681B2D68B14E00CB93FE /* NavAFirstPage.swift */,
			);
			path = NavA;
			sourceTree = "<group>";
		};
		9D2368242D68B2D000CB93FE /* NavB */ = {
			isa = PBXGroup;
			children = (
				9D2368212D68B22B00CB93FE /* NavBFeature.swift */,
				9D23681D2D68B1FB00CB93FE /* NavBFirstPage.swift */,
				9D23681F2D68B21500CB93FE /* NavBSecPage.swift */,
			);
			path = NavB;
			sourceTree = "<group>";
		};
		9D2368292D68B9C600CB93FE /* Login */ = {
			isa = PBXGroup;
			children = (
				9D2368272D68B8BF00CB93FE /* LoginView.swift */,
				9D2368252D68B44F00CB93FE /* LoginFeature.swift */,
			);
			path = Login;
			sourceTree = "<group>";
		};
		9D23682A2D68B9E600CB93FE /* Feature */ = {
			isa = PBXGroup;
			children = (
				9D2368292D68B9C600CB93FE /* Login */,
				9D2368232D68B2C500CB93FE /* NavA */,
				9D2368242D68B2D000CB93FE /* NavB */,
			);
			path = Feature;
			sourceTree = "<group>";
		};
/* End PBXGroup section */

/* Begin PBXNativeTarget section */
		9D2368022D68A9FB00CB93FE /* TCATabNavigatrionDemo */ = {
			isa = PBXNativeTarget;
			buildConfigurationList = 9D2368112D68A9FC00CB93FE /* Build configuration list for PBXNativeTarget "TCATabNavigatrionDemo" */;
			buildPhases = (
				9D2367FF2D68A9FB00CB93FE /* Sources */,
				9D2368002D68A9FB00CB93FE /* Frameworks */,
				9D2368012D68A9FB00CB93FE /* Resources */,
			);
			buildRules = (
			);
			dependencies = (
			);
			name = TCATabNavigatrionDemo;
			packageProductDependencies = (
				9D2368152D68AA6000CB93FE /* ComposableArchitecture */,
			);
			productName = TCATabNavigatrionDemo;
			productReference = 9D2368032D68A9FB00CB93FE /* TCATabNavigatrionDemo.app */;
			productType = "com.apple.product-type.application";
		};
/* End PBXNativeTarget section */

/* Begin PBXProject section */
		9D2367FB2D68A9FB00CB93FE /* Project object */ = {
			isa = PBXProject;
			attributes = {
				BuildIndependentTargetsInParallel = 1;
				LastSwiftUpdateCheck = 1530;
				LastUpgradeCheck = 1530;
				TargetAttributes = {
					9D2368022D68A9FB00CB93FE = {
						CreatedOnToolsVersion = 15.3;
					};
				};
			};
			buildConfigurationList = 9D2367FE2D68A9FB00CB93FE /* Build configuration list for PBXProject "TCATabNavigatrionDemo" */;
			compatibilityVersion = "Xcode 14.0";
			developmentRegion = en;
			hasScannedForEncodings = 0;
			knownRegions = (
				en,
				Base,
			);
			mainGroup = 9D2367FA2D68A9FB00CB93FE;
			packageReferences = (
				9D2368142D68AA6000CB93FE /* XCRemoteSwiftPackageReference "swift-composable-architecture" */,
			);
			productRefGroup = 9D2368042D68A9FB00CB93FE /* Products */;
			projectDirPath = "";
			projectRoot = "";
			targets = (
				9D2368022D68A9FB00CB93FE /* TCATabNavigatrionDemo */,
			);
		};
/* End PBXProject section */

/* Begin PBXResourcesBuildPhase section */
		9D2368012D68A9FB00CB93FE /* Resources */ = {
			isa = PBXResourcesBuildPhase;
			buildActionMask = 2147483647;
			files = (
				9D23680E2D68A9FC00CB93FE /* Preview Assets.xcassets in Resources */,
				9D23680B2D68A9FC00CB93FE /* Assets.xcassets in Resources */,
			);
			runOnlyForDeploymentPostprocessing = 0;
		};
/* End PBXResourcesBuildPhase section */

/* Begin PBXSourcesBuildPhase section */
		9D2367FF2D68A9FB00CB93FE /* Sources */ = {
			isa = PBXSourcesBuildPhase;
			buildActionMask = 2147483647;
			files = (
				9D2368262D68B44F00CB93FE /* LoginFeature.swift in Sources */,
				9D2368182D68AC6700CB93FE /* NavAFeature.swift in Sources */,
				9D2368092D68A9FB00CB93FE /* ContentView.swift in Sources */,
				9D23681E2D68B1FB00CB93FE /* NavBFirstPage.swift in Sources */,
				9D23681A2D68B08100CB93FE /* NavASecPage.swift in Sources */,
				9D23681C2D68B14E00CB93FE /* NavAFirstPage.swift in Sources */,
				9D2368072D68A9FB00CB93FE /* TCATabNavigatrionDemoApp.swift in Sources */,
				9D2368202D68B21500CB93FE /* NavBSecPage.swift in Sources */,
				9D2368282D68B8BF00CB93FE /* LoginView.swift in Sources */,
				9D2368222D68B22B00CB93FE /* NavBFeature.swift in Sources */,
			);
			runOnlyForDeploymentPostprocessing = 0;
		};
/* End PBXSourcesBuildPhase section */

/* Begin XCBuildConfiguration section */
		9D23680F2D68A9FC00CB93FE /* Debug */ = {
			isa = XCBuildConfiguration;
			buildSettings = {
				ALWAYS_SEARCH_USER_PATHS = NO;
				ASSETCATALOG_COMPILER_GENERATE_SWIFT_ASSET_SYMBOL_EXTENSIONS = YES;
				CLANG_ANALYZER_NONNULL = YES;
				CLANG_ANALYZER_NUMBER_OBJECT_CONVERSION = YES_AGGRESSIVE;
				CLANG_CXX_LANGUAGE_STANDARD = "gnu++20";
				CLANG_ENABLE_MODULES = YES;
				CLANG_ENABLE_OBJC_ARC = YES;
				CLANG_ENABLE_OBJC_WEAK = YES;
				CLANG_WARN_BLOCK_CAPTURE_AUTORELEASING = YES;
				CLANG_WARN_BOOL_CONVERSION = YES;
				CLANG_WARN_COMMA = YES;
				CLANG_WARN_CONSTANT_CONVERSION = YES;
				CLANG_WARN_DEPRECATED_OBJC_IMPLEMENTATIONS = YES;
				CLANG_WARN_DIRECT_OBJC_ISA_USAGE = YES_ERROR;
				CLANG_WARN_DOCUMENTATION_COMMENTS = YES;
				CLANG_WARN_EMPTY_BODY = YES;
				CLANG_WARN_ENUM_CONVERSION = YES;
				CLANG_WARN_INFINITE_RECURSION = YES;
				CLANG_WARN_INT_CONVERSION = YES;
				CLANG_WARN_NON_LITERAL_NULL_CONVERSION = YES;
				CLANG_WARN_OBJC_IMPLICIT_RETAIN_SELF = YES;
				CLANG_WARN_OBJC_LITERAL_CONVERSION = YES;
				CLANG_WARN_OBJC_ROOT_CLASS = YES_ERROR;
				CLANG_WARN_QUOTED_INCLUDE_IN_FRAMEWORK_HEADER = YES;
				CLANG_WARN_RANGE_LOOP_ANALYSIS = YES;
				CLANG_WARN_STRICT_PROTOTYPES = YES;
				CLANG_WARN_SUSPICIOUS_MOVE = YES;
				CLANG_WARN_UNGUARDED_AVAILABILITY = YES_AGGRESSIVE;
				CLANG_WARN_UNREACHABLE_CODE = YES;
				CLANG_WARN__DUPLICATE_METHOD_MATCH = YES;
				COPY_PHASE_STRIP = NO;
				DEBUG_INFORMATION_FORMAT = dwarf;
				ENABLE_STRICT_OBJC_MSGSEND = YES;
				ENABLE_TESTABILITY = YES;
				ENABLE_USER_SCRIPT_SANDBOXING = YES;
				GCC_C_LANGUAGE_STANDARD = gnu17;
				GCC_DYNAMIC_NO_PIC = NO;
				GCC_NO_COMMON_BLOCKS = YES;
				GCC_OPTIMIZATION_LEVEL = 0;
				GCC_PREPROCESSOR_DEFINITIONS = (
					"DEBUG=1",
					"$(inherited)",
				);
				GCC_WARN_64_TO_32_BIT_CONVERSION = YES;
				GCC_WARN_ABOUT_RETURN_TYPE = YES_ERROR;
				GCC_WARN_UNDECLARED_SELECTOR = YES;
				GCC_WARN_UNINITIALIZED_AUTOS = YES_AGGRESSIVE;
				GCC_WARN_UNUSED_FUNCTION = YES;
				GCC_WARN_UNUSED_VARIABLE = YES;
				IPHONEOS_DEPLOYMENT_TARGET = 17.4;
				LOCALIZATION_PREFERS_STRING_CATALOGS = YES;
				MTL_ENABLE_DEBUG_INFO = INCLUDE_SOURCE;
				MTL_FAST_MATH = YES;
				ONLY_ACTIVE_ARCH = YES;
				SDKROOT = iphoneos;
				SWIFT_ACTIVE_COMPILATION_CONDITIONS = "DEBUG $(inherited)";
				SWIFT_OPTIMIZATION_LEVEL = "-Onone";
			};
			name = Debug;
		};
		9D2368102D68A9FC00CB93FE /* Release */ = {
			isa = XCBuildConfiguration;
			buildSettings = {
				ALWAYS_SEARCH_USER_PATHS = NO;
				ASSETCATALOG_COMPILER_GENERATE_SWIFT_ASSET_SYMBOL_EXTENSIONS = YES;
				CLANG_ANALYZER_NONNULL = YES;
				CLANG_ANALYZER_NUMBER_OBJECT_CONVERSION = YES_AGGRESSIVE;
				CLANG_CXX_LANGUAGE_STANDARD = "gnu++20";
				CLANG_ENABLE_MODULES = YES;
				CLANG_ENABLE_OBJC_ARC = YES;
				CLANG_ENABLE_OBJC_WEAK = YES;
				CLANG_WARN_BLOCK_CAPTURE_AUTORELEASING = YES;
				CLANG_WARN_BOOL_CONVERSION = YES;
				CLANG_WARN_COMMA = YES;
				CLANG_WARN_CONSTANT_CONVERSION = YES;
				CLANG_WARN_DEPRECATED_OBJC_IMPLEMENTATIONS = YES;
				CLANG_WARN_DIRECT_OBJC_ISA_USAGE = YES_ERROR;
				CLANG_WARN_DOCUMENTATION_COMMENTS = YES;
				CLANG_WARN_EMPTY_BODY = YES;
				CLANG_WARN_ENUM_CONVERSION = YES;
				CLANG_WARN_INFINITE_RECURSION = YES;
				CLANG_WARN_INT_CONVERSION = YES;
				CLANG_WARN_NON_LITERAL_NULL_CONVERSION = YES;
				CLANG_WARN_OBJC_IMPLICIT_RETAIN_SELF = YES;
				CLANG_WARN_OBJC_LITERAL_CONVERSION = YES;
				CLANG_WARN_OBJC_ROOT_CLASS = YES_ERROR;
				CLANG_WARN_QUOTED_INCLUDE_IN_FRAMEWORK_HEADER = YES;
				CLANG_WARN_RANGE_LOOP_ANALYSIS = YES;
				CLANG_WARN_STRICT_PROTOTYPES = YES;
				CLANG_WARN_SUSPICIOUS_MOVE = YES;
				CLANG_WARN_UNGUARDED_AVAILABILITY = YES_AGGRESSIVE;
				CLANG_WARN_UNREACHABLE_CODE = YES;
				CLANG_WARN__DUPLICATE_METHOD_MATCH = YES;
				COPY_PHASE_STRIP = NO;
				DEBUG_INFORMATION_FORMAT = "dwarf-with-dsym";
				ENABLE_NS_ASSERTIONS = NO;
				ENABLE_STRICT_OBJC_MSGSEND = YES;
				ENABLE_USER_SCRIPT_SANDBOXING = YES;
				GCC_C_LANGUAGE_STANDARD = gnu17;
				GCC_NO_COMMON_BLOCKS = YES;
				GCC_WARN_64_TO_32_BIT_CONVERSION = YES;
				GCC_WARN_ABOUT_RETURN_TYPE = YES_ERROR;
				GCC_WARN_UNDECLARED_SELECTOR = YES;
				GCC_WARN_UNINITIALIZED_AUTOS = YES_AGGRESSIVE;
				GCC_WARN_UNUSED_FUNCTION = YES;
				GCC_WARN_UNUSED_VARIABLE = YES;
				IPHONEOS_DEPLOYMENT_TARGET = 17.4;
				LOCALIZATION_PREFERS_STRING_CATALOGS = YES;
				MTL_ENABLE_DEBUG_INFO = NO;
				MTL_FAST_MATH = YES;
				SDKROOT = iphoneos;
				SWIFT_COMPILATION_MODE = wholemodule;
				VALIDATE_PRODUCT = YES;
			};
			name = Release;
		};
		9D2368122D68A9FC00CB93FE /* Debug */ = {
			isa = XCBuildConfiguration;
			buildSettings = {
				ASSETCATALOG_COMPILER_APPICON_NAME = AppIcon;
				ASSETCATALOG_COMPILER_GLOBAL_ACCENT_COLOR_NAME = AccentColor;
				CODE_SIGN_STYLE = Automatic;
				CURRENT_PROJECT_VERSION = 1;
				DEVELOPMENT_ASSET_PATHS = "\"TCATabNavigatrionDemo/Preview Content\"";
				DEVELOPMENT_TEAM = KU48Y2UB6V;
				ENABLE_PREVIEWS = YES;
				GENERATE_INFOPLIST_FILE = YES;
				INFOPLIST_KEY_UIApplicationSceneManifest_Generation = YES;
				INFOPLIST_KEY_UIApplicationSupportsIndirectInputEvents = YES;
				INFOPLIST_KEY_UILaunchScreen_Generation = YES;
				INFOPLIST_KEY_UISupportedInterfaceOrientations_iPad = "UIInterfaceOrientationPortrait UIInterfaceOrientationPortraitUpsideDown UIInterfaceOrientationLandscapeLeft UIInterfaceOrientationLandscapeRight";
				INFOPLIST_KEY_UISupportedInterfaceOrientations_iPhone = "UIInterfaceOrientationPortrait UIInterfaceOrientationLandscapeLeft UIInterfaceOrientationLandscapeRight";
				LD_RUNPATH_SEARCH_PATHS = (
					"$(inherited)",
					"@executable_path/Frameworks",
				);
				MARKETING_VERSION = 1.0;
				PRODUCT_BUNDLE_IDENTIFIER = tca.navigation.com.TCATabNavigatrionDemo;
				PRODUCT_NAME = "$(TARGET_NAME)";
				SWIFT_EMIT_LOC_STRINGS = YES;
				SWIFT_VERSION = 5.0;
				TARGETED_DEVICE_FAMILY = "1,2";
			};
			name = Debug;
		};
		9D2368132D68A9FC00CB93FE /* Release */ = {
			isa = XCBuildConfiguration;
			buildSettings = {
				ASSETCATALOG_COMPILER_APPICON_NAME = AppIcon;
				ASSETCATALOG_COMPILER_GLOBAL_ACCENT_COLOR_NAME = AccentColor;
				CODE_SIGN_STYLE = Automatic;
				CURRENT_PROJECT_VERSION = 1;
				DEVELOPMENT_ASSET_PATHS = "\"TCATabNavigatrionDemo/Preview Content\"";
				DEVELOPMENT_TEAM = KU48Y2UB6V;
				ENABLE_PREVIEWS = YES;
				GENERATE_INFOPLIST_FILE = YES;
				INFOPLIST_KEY_UIApplicationSceneManifest_Generation = YES;
				INFOPLIST_KEY_UIApplicationSupportsIndirectInputEvents = YES;
				INFOPLIST_KEY_UILaunchScreen_Generation = YES;
				INFOPLIST_KEY_UISupportedInterfaceOrientations_iPad = "UIInterfaceOrientationPortrait UIInterfaceOrientationPortraitUpsideDown UIInterfaceOrientationLandscapeLeft UIInterfaceOrientationLandscapeRight";
				INFOPLIST_KEY_UISupportedInterfaceOrientations_iPhone = "UIInterfaceOrientationPortrait UIInterfaceOrientationLandscapeLeft UIInterfaceOrientationLandscapeRight";
				LD_RUNPATH_SEARCH_PATHS = (
					"$(inherited)",
					"@executable_path/Frameworks",
				);
				MARKETING_VERSION = 1.0;
				PRODUCT_BUNDLE_IDENTIFIER = tca.navigation.com.TCATabNavigatrionDemo;
				PRODUCT_NAME = "$(TARGET_NAME)";
				SWIFT_EMIT_LOC_STRINGS = YES;
				SWIFT_VERSION = 5.0;
				TARGETED_DEVICE_FAMILY = "1,2";
			};
			name = Release;
		};
/* End XCBuildConfiguration section */

/* Begin XCConfigurationList section */
		9D2367FE2D68A9FB00CB93FE /* Build configuration list for PBXProject "TCATabNavigatrionDemo" */ = {
			isa = XCConfigurationList;
			buildConfigurations = (
				9D23680F2D68A9FC00CB93FE /* Debug */,
				9D2368102D68A9FC00CB93FE /* Release */,
			);
			defaultConfigurationIsVisible = 0;
			defaultConfigurationName = Release;
		};
		9D2368112D68A9FC00CB93FE /* Build configuration list for PBXNativeTarget "TCATabNavigatrionDemo" */ = {
			isa = XCConfigurationList;
			buildConfigurations = (
				9D2368122D68A9FC00CB93FE /* Debug */,
				9D2368132D68A9FC00CB93FE /* Release */,
			);
			defaultConfigurationIsVisible = 0;
			defaultConfigurationName = Release;
		};
/* End XCConfigurationList section */

/* Begin XCRemoteSwiftPackageReference section */
		9D2368142D68AA6000CB93FE /* XCRemoteSwiftPackageReference "swift-composable-architecture" */ = {
			isa = XCRemoteSwiftPackageReference;
			repositoryURL = "https://github.com/pointfreeco/swift-composable-architecture";
			requirement = {
				kind = upToNextMajorVersion;
				minimumVersion = 1.17.1;
			};
		};
/* End XCRemoteSwiftPackageReference section */

/* Begin XCSwiftPackageProductDependency section */
		9D2368152D68AA6000CB93FE /* ComposableArchitecture */ = {
			isa = XCSwiftPackageProductDependency;
			package = 9D2368142D68AA6000CB93FE /* XCRemoteSwiftPackageReference "swift-composable-architecture" */;
			productName = ComposableArchitecture;
		};
/* End XCSwiftPackageProductDependency section */
	};
	rootObject = 9D2367FB2D68A9FB00CB93FE /* Project object */;
}
